// !$*UTF8*$!
{
	archiveVersion = 1;
	classes = {
	};
	objectVersion = 56;
	objects = {

/* Begin PBXBuildFile section */
		C076DFEB28D69ED5005C2044 /* fortist.flac in Resources */ = {isa = PBXBuildFile; fileRef = C076DFEA28D69ED5005C2044 /* fortist.flac */; };
		C0A97DFA28D54D9100AAE8D6 /* Faded.flac in Resources */ = {isa = PBXBuildFile; fileRef = C0A97DC028D54D9100AAE8D6 /* Faded.flac */; };
		C0A97DFB28D54D9100AAE8D6 /* 兵马俑.mov in Resources */ = {isa = PBXBuildFile; fileRef = C0A97DC228D54D9100AAE8D6 /* 兵马俑.mov */; };
		C0A97DFC28D54D9100AAE8D6 /* 长江三峡.mov in Resources */ = {isa = PBXBuildFile; fileRef = C0A97DC328D54D9100AAE8D6 /* 长江三峡.mov */; };
		C0A97DFD28D54D9100AAE8D6 /* 日月潭.mov in Resources */ = {isa = PBXBuildFile; fileRef = C0A97DC428D54D9100AAE8D6 /* 日月潭.mov */; };
		C0A97DFE28D54D9100AAE8D6 /* 安徽黄山.mov in Resources */ = {isa = PBXBuildFile; fileRef = C0A97DC528D54D9100AAE8D6 /* 安徽黄山.mov */; };
		C0A97DFF28D54D9100AAE8D6 /* 承德避暑山庄.mov in Resources */ = {isa = PBXBuildFile; fileRef = C0A97DC628D54D9100AAE8D6 /* 承德避暑山庄.mov */; };
		C0A97E0028D54D9100AAE8D6 /* 桂林山水.mov in Resources */ = {isa = PBXBuildFile; fileRef = C0A97DC728D54D9100AAE8D6 /* 桂林山水.mov */; };
		C0A97E0128D54D9100AAE8D6 /* 杭州西湖.mov in Resources */ = {isa = PBXBuildFile; fileRef = C0A97DC828D54D9100AAE8D6 /* 杭州西湖.mov */; };
		C0A97E0228D54D9100AAE8D6 /* 苏州园林.mov in Resources */ = {isa = PBXBuildFile; fileRef = C0A97DC928D54D9100AAE8D6 /* 苏州园林.mov */; };
		C0A97E0328D54D9100AAE8D6 /* 万里长城.mov in Resources */ = {isa = PBXBuildFile; fileRef = C0A97DCA28D54D9100AAE8D6 /* 万里长城.mov */; };
		C0A97E0428D54D9100AAE8D6 /* 北京故宫.mov in Resources */ = {isa = PBXBuildFile; fileRef = C0A97DCB28D54D9100AAE8D6 /* 北京故宫.mov */; };
		C0A97E0528D54D9100AAE8D6 /* CodableBundleExtension.swift in Sources */ = {isa = PBXBuildFile; fileRef = C0A97DCD28D54D9100AAE8D6 /* CodableBundleExtension.swift */; };
		C0A97E0628D54D9100AAE8D6 /* SwiftUI.swift in Sources */ = {isa = PBXBuildFile; fileRef = C0A97DCF28D54D9100AAE8D6 /* SwiftUI.swift */; };
		C0A97E0728D54D9100AAE8D6 /* MapView.swift in Sources */ = {isa = PBXBuildFile; fileRef = C0A97DD028D54D9100AAE8D6 /* MapView.swift */; };
		C0A97E0828D54D9100AAE8D6 /* ThePlacesOfInterestApp.swift in Sources */ = {isa = PBXBuildFile; fileRef = C0A97DD128D54D9100AAE8D6 /* ThePlacesOfInterestApp.swift */; };
		C0A97E0928D54D9100AAE8D6 /* ContentViewList.swift in Sources */ = {isa = PBXBuildFile; fileRef = C0A97DD228D54D9100AAE8D6 /* ContentViewList.swift */; };
		C0A97E0A28D54D9100AAE8D6 /* GalleryView.swift in Sources */ = {isa = PBXBuildFile; fileRef = C0A97DD328D54D9100AAE8D6 /* GalleryView.swift */; };
		C0A97E0B28D54D9100AAE8D6 /* MainView.swift in Sources */ = {isa = PBXBuildFile; fileRef = C0A97DD428D54D9100AAE8D6 /* MainView.swift */; };
		C0A97E0C28D54D9100AAE8D6 /* ContentView.swift in Sources */ = {isa = PBXBuildFile; fileRef = C0A97DD528D54D9100AAE8D6 /* ContentView.swift */; };
		C0A97E0D28D54D9100AAE8D6 /* VideoListView.swift in Sources */ = {isa = PBXBuildFile; fileRef = C0A97DD628D54D9100AAE8D6 /* VideoListView.swift */; };
		C0A97E0E28D54D9100AAE8D6 /* CenterModifier.swift in Sources */ = {isa = PBXBuildFile; fileRef = C0A97DD828D54D9100AAE8D6 /* CenterModifier.swift */; };
		C0A97E0F28D54D9100AAE8D6 /* Assets.xcassets in Resources */ = {isa = PBXBuildFile; fileRef = C0A97DD928D54D9100AAE8D6 /* Assets.xcassets */; };
		C0A97E1028D54D9100AAE8D6 /* Preview Assets.xcassets in Resources */ = {isa = PBXBuildFile; fileRef = C0A97DDB28D54D9100AAE8D6 /* Preview Assets.xcassets */; };
		C0A97E1228D54D9100AAE8D6 /* PlaceModel.swift in Sources */ = {isa = PBXBuildFile; fileRef = C0A97DDE28D54D9100AAE8D6 /* PlaceModel.swift */; };
		C0A97E1328D54D9100AAE8D6 /* VideoModel.swift in Sources */ = {isa = PBXBuildFile; fileRef = C0A97DDF28D54D9100AAE8D6 /* VideoModel.swift */; };
		C0A97E1428D54D9100AAE8D6 /* CoverImageModel.swift in Sources */ = {isa = PBXBuildFile; fileRef = C0A97DE028D54D9100AAE8D6 /* CoverImageModel.swift */; };
		C0A97E1528D54D9100AAE8D6 /* LocationModel.swift in Sources */ = {isa = PBXBuildFile; fileRef = C0A97DE128D54D9100AAE8D6 /* LocationModel.swift */; };
		C0A97E1628D54D9100AAE8D6 /* HeadingView.swift in Sources */ = {isa = PBXBuildFile; fileRef = C0A97DE328D54D9100AAE8D6 /* HeadingView.swift */; };
		C0A97E1728D54D9100AAE8D6 /* PlaceListItemView.swift in Sources */ = {isa = PBXBuildFile; fileRef = C0A97DE428D54D9100AAE8D6 /* PlaceListItemView.swift */; };
		C0A97E1828D54D9100AAE8D6 /* VideoPlayerView.swift in Sources */ = {isa = PBXBuildFile; fileRef = C0A97DE528D54D9100AAE8D6 /* VideoPlayerView.swift */; };
		C0A97E1928D54D9100AAE8D6 /* ExternalWebLinkView.swift in Sources */ = {isa = PBXBuildFile; fileRef = C0A97DE628D54D9100AAE8D6 /* ExternalWebLinkView.swift */; };
		C0A97E1A28D54D9100AAE8D6 /* CoverImageView.swift in Sources */ = {isa = PBXBuildFile; fileRef = C0A97DE728D54D9100AAE8D6 /* CoverImageView.swift */; };
		C0A97E1B28D54D9100AAE8D6 /* InsetMapView.swift in Sources */ = {isa = PBXBuildFile; fileRef = C0A97DE828D54D9100AAE8D6 /* InsetMapView.swift */; };
		C0A97E1C28D54D9100AAE8D6 /* PlaceGridItemView.swift in Sources */ = {isa = PBXBuildFile; fileRef = C0A97DE928D54D9100AAE8D6 /* PlaceGridItemView.swift */; };
		C0A97E1D28D54D9100AAE8D6 /* MotionAnimationView.swift in Sources */ = {isa = PBXBuildFile; fileRef = C0A97DEA28D54D9100AAE8D6 /* MotionAnimationView.swift */; };
		C0A97E1E28D54D9100AAE8D6 /* VideoListItemView.swift in Sources */ = {isa = PBXBuildFile; fileRef = C0A97DEB28D54D9100AAE8D6 /* VideoListItemView.swift */; };
		C0A97E1F28D54D9100AAE8D6 /* PlaceDetailView.swift in Sources */ = {isa = PBXBuildFile; fileRef = C0A97DEC28D54D9100AAE8D6 /* PlaceDetailView.swift */; };
		C0A97E2028D54D9100AAE8D6 /* InsetGalleryView.swift in Sources */ = {isa = PBXBuildFile; fileRef = C0A97DED28D54D9100AAE8D6 /* InsetGalleryView.swift */; };
		C0A97E2128D54D9100AAE8D6 /* CopyrightView.swift in Sources */ = {isa = PBXBuildFile; fileRef = C0A97DEE28D54D9100AAE8D6 /* CopyrightView.swift */; };
		C0A97E2228D54D9100AAE8D6 /* InsetMessageView.swift in Sources */ = {isa = PBXBuildFile; fileRef = C0A97DEF28D54D9100AAE8D6 /* InsetMessageView.swift */; };
		C0A97E2328D54D9100AAE8D6 /* MapAnnotationView.swift in Sources */ = {isa = PBXBuildFile; fileRef = C0A97DF028D54D9100AAE8D6 /* MapAnnotationView.swift */; };
		C0A97E2428D54D9100AAE8D6 /* locations.json in Resources */ = {isa = PBXBuildFile; fileRef = C0A97DF228D54D9100AAE8D6 /* locations.json */; };
		C0A97E2528D54D9100AAE8D6 /* covers.json in Resources */ = {isa = PBXBuildFile; fileRef = C0A97DF328D54D9100AAE8D6 /* covers.json */; };
		C0A97E2628D54D9100AAE8D6 /* places.json in Resources */ = {isa = PBXBuildFile; fileRef = C0A97DF428D54D9100AAE8D6 /* places.json */; };
		C0A97E2728D54D9100AAE8D6 /* videos.json in Resources */ = {isa = PBXBuildFile; fileRef = C0A97DF528D54D9100AAE8D6 /* videos.json */; };
		C0A97E2828D54D9100AAE8D6 /* VideoPlayerHelper.swift in Sources */ = {isa = PBXBuildFile; fileRef = C0A97DF728D54D9100AAE8D6 /* VideoPlayerHelper.swift */; };
		C0A97E2C28D54E6200AAE8D6 /* LICENSE in Resources */ = {isa = PBXBuildFile; fileRef = C0A97E2B28D54E6200AAE8D6 /* LICENSE */; };
		C0A97E2E28D54E8E00AAE8D6 /* README.md in Resources */ = {isa = PBXBuildFile; fileRef = C0A97E2D28D54E8E00AAE8D6 /* README.md */; };
/* End PBXBuildFile section */

/* Begin PBXFileReference section */
		C076DFEA28D69ED5005C2044 /* fortist.flac */ = {isa = PBXFileReference; lastKnownFileType = file; name = fortist.flac; path = ../../../Users/t.most/.Trash/fortist.flac; sourceTree = "<group>"; };
		C0A97D2A28D54BBF00AAE8D6 /* ThePlacesOfInterest.app */ = {isa = PBXFileReference; explicitFileType = wrapper.application; includeInIndex = 0; path = ThePlacesOfInterest.app; sourceTree = BUILT_PRODUCTS_DIR; };
		C0A97DC028D54D9100AAE8D6 /* Faded.flac */ = {isa = PBXFileReference; lastKnownFileType = file; path = Faded.flac; sourceTree = "<group>"; };
		C0A97DC228D54D9100AAE8D6 /* 兵马俑.mov */ = {isa = PBXFileReference; lastKnownFileType = video.quicktime; path = "兵马俑.mov"; sourceTree = "<group>"; };
		C0A97DC328D54D9100AAE8D6 /* 长江三峡.mov */ = {isa = PBXFileReference; lastKnownFileType = video.quicktime; path = "长江三峡.mov"; sourceTree = "<group>"; };
		C0A97DC428D54D9100AAE8D6 /* 日月潭.mov */ = {isa = PBXFileReference; lastKnownFileType = video.quicktime; path = "日月潭.mov"; sourceTree = "<group>"; };
		C0A97DC528D54D9100AAE8D6 /* 安徽黄山.mov */ = {isa = PBXFileReference; lastKnownFileType = video.quicktime; path = "安徽黄山.mov"; sourceTree = "<group>"; };
		C0A97DC628D54D9100AAE8D6 /* 承德避暑山庄.mov */ = {isa = PBXFileReference; lastKnownFileType = video.quicktime; path = "承德避暑山庄.mov"; sourceTree = "<group>"; };
		C0A97DC728D54D9100AAE8D6 /* 桂林山水.mov */ = {isa = PBXFileReference; lastKnownFileType = video.quicktime; path = "桂林山水.mov"; sourceTree = "<group>"; };
		C0A97DC828D54D9100AAE8D6 /* 杭州西湖.mov */ = {isa = PBXFileReference; lastKnownFileType = video.quicktime; path = "杭州西湖.mov"; sourceTree = "<group>"; };
		C0A97DC928D54D9100AAE8D6 /* 苏州园林.mov */ = {isa = PBXFileReference; lastKnownFileType = video.quicktime; path = "苏州园林.mov"; sourceTree = "<group>"; };
		C0A97DCA28D54D9100AAE8D6 /* 万里长城.mov */ = {isa = PBXFileReference; lastKnownFileType = video.quicktime; path = "万里长城.mov"; sourceTree = "<group>"; };
		C0A97DCB28D54D9100AAE8D6 /* 北京故宫.mov */ = {isa = PBXFileReference; lastKnownFileType = video.quicktime; path = "北京故宫.mov"; sourceTree = "<group>"; };
		C0A97DCD28D54D9100AAE8D6 /* CodableBundleExtension.swift */ = {isa = PBXFileReference; fileEncoding = 4; lastKnownFileType = sourcecode.swift; path = CodableBundleExtension.swift; sourceTree = "<group>"; };
		C0A97DCF28D54D9100AAE8D6 /* SwiftUI.swift */ = {isa = PBXFileReference; fileEncoding = 4; lastKnownFileType = sourcecode.swift; path = SwiftUI.swift; sourceTree = "<group>"; };
		C0A97DD028D54D9100AAE8D6 /* MapView.swift */ = {isa = PBXFileReference; fileEncoding = 4; lastKnownFileType = sourcecode.swift; path = MapView.swift; sourceTree = "<group>"; };
		C0A97DD128D54D9100AAE8D6 /* ThePlacesOfInterestApp.swift */ = {isa = PBXFileReference; fileEncoding = 4; lastKnownFileType = sourcecode.swift; path = ThePlacesOfInterestApp.swift; sourceTree = "<group>"; };
		C0A97DD228D54D9100AAE8D6 /* ContentViewList.swift */ = {isa = PBXFileReference; fileEncoding = 4; lastKnownFileType = sourcecode.swift; path = ContentViewList.swift; sourceTree = "<group>"; };
		C0A97DD328D54D9100AAE8D6 /* GalleryView.swift */ = {isa = PBXFileReference; fileEncoding = 4; lastKnownFileType = sourcecode.swift; path = GalleryView.swift; sourceTree = "<group>"; };
		C0A97DD428D54D9100AAE8D6 /* MainView.swift */ = {isa = PBXFileReference; fileEncoding = 4; lastKnownFileType = sourcecode.swift; path = MainView.swift; sourceTree = "<group>"; };
		C0A97DD528D54D9100AAE8D6 /* ContentView.swift */ = {isa = PBXFileReference; fileEncoding = 4; lastKnownFileType = sourcecode.swift; path = ContentView.swift; sourceTree = "<group>"; };
		C0A97DD628D54D9100AAE8D6 /* VideoListView.swift */ = {isa = PBXFileReference; fileEncoding = 4; lastKnownFileType = sourcecode.swift; path = VideoListView.swift; sourceTree = "<group>"; };
		C0A97DD828D54D9100AAE8D6 /* CenterModifier.swift */ = {isa = PBXFileReference; fileEncoding = 4; lastKnownFileType = sourcecode.swift; path = CenterModifier.swift; sourceTree = "<group>"; };
		C0A97DD928D54D9100AAE8D6 /* Assets.xcassets */ = {isa = PBXFileReference; lastKnownFileType = folder.assetcatalog; path = Assets.xcassets; sourceTree = "<group>"; };
		C0A97DDB28D54D9100AAE8D6 /* Preview Assets.xcassets */ = {isa = PBXFileReference; lastKnownFileType = folder.assetcatalog; path = "Preview Assets.xcassets"; sourceTree = "<group>"; };
		C0A97DDE28D54D9100AAE8D6 /* PlaceModel.swift */ = {isa = PBXFileReference; fileEncoding = 4; lastKnownFileType = sourcecode.swift; path = PlaceModel.swift; sourceTree = "<group>"; };
		C0A97DDF28D54D9100AAE8D6 /* VideoModel.swift */ = {isa = PBXFileReference; fileEncoding = 4; lastKnownFileType = sourcecode.swift; path = VideoModel.swift; sourceTree = "<group>"; };
		C0A97DE028D54D9100AAE8D6 /* CoverImageModel.swift */ = {isa = PBXFileReference; fileEncoding = 4; lastKnownFileType = sourcecode.swift; path = CoverImageModel.swift; sourceTree = "<group>"; };
		C0A97DE128D54D9100AAE8D6 /* LocationModel.swift */ = {isa = PBXFileReference; fileEncoding = 4; lastKnownFileType = sourcecode.swift; path = LocationModel.swift; sourceTree = "<group>"; };
		C0A97DE328D54D9100AAE8D6 /* HeadingView.swift */ = {isa = PBXFileReference; fileEncoding = 4; lastKnownFileType = sourcecode.swift; path = HeadingView.swift; sourceTree = "<group>"; };
		C0A97DE428D54D9100AAE8D6 /* PlaceListItemView.swift */ = {isa = PBXFileReference; fileEncoding = 4; lastKnownFileType = sourcecode.swift; path = PlaceListItemView.swift; sourceTree = "<group>"; };
		C0A97DE528D54D9100AAE8D6 /* VideoPlayerView.swift */ = {isa = PBXFileReference; fileEncoding = 4; lastKnownFileType = sourcecode.swift; path = VideoPlayerView.swift; sourceTree = "<group>"; };
		C0A97DE628D54D9100AAE8D6 /* ExternalWebLinkView.swift */ = {isa = PBXFileReference; fileEncoding = 4; lastKnownFileType = sourcecode.swift; path = ExternalWebLinkView.swift; sourceTree = "<group>"; };
		C0A97DE728D54D9100AAE8D6 /* CoverImageView.swift */ = {isa = PBXFileReference; fileEncoding = 4; lastKnownFileType = sourcecode.swift; path = CoverImageView.swift; sourceTree = "<group>"; };
		C0A97DE828D54D9100AAE8D6 /* InsetMapView.swift */ = {isa = PBXFileReference; fileEncoding = 4; lastKnownFileType = sourcecode.swift; path = InsetMapView.swift; sourceTree = "<group>"; };
		C0A97DE928D54D9100AAE8D6 /* PlaceGridItemView.swift */ = {isa = PBXFileReference; fileEncoding = 4; lastKnownFileType = sourcecode.swift; path = PlaceGridItemView.swift; sourceTree = "<group>"; };
		C0A97DEA28D54D9100AAE8D6 /* MotionAnimationView.swift */ = {isa = PBXFileReference; fileEncoding = 4; lastKnownFileType = sourcecode.swift; path = MotionAnimationView.swift; sourceTree = "<group>"; };
		C0A97DEB28D54D9100AAE8D6 /* VideoListItemView.swift */ = {isa = PBXFileReference; fileEncoding = 4; lastKnownFileType = sourcecode.swift; path = VideoListItemView.swift; sourceTree = "<group>"; };
		C0A97DEC28D54D9100AAE8D6 /* PlaceDetailView.swift */ = {isa = PBXFileReference; fileEncoding = 4; lastKnownFileType = sourcecode.swift; path = PlaceDetailView.swift; sourceTree = "<group>"; };
		C0A97DED28D54D9100AAE8D6 /* InsetGalleryView.swift */ = {isa = PBXFileReference; fileEncoding = 4; lastKnownFileType = sourcecode.swift; path = InsetGalleryView.swift; sourceTree = "<group>"; };
		C0A97DEE28D54D9100AAE8D6 /* CopyrightView.swift */ = {isa = PBXFileReference; fileEncoding = 4; lastKnownFileType = sourcecode.swift; path = CopyrightView.swift; sourceTree = "<group>"; };
		C0A97DEF28D54D9100AAE8D6 /* InsetMessageView.swift */ = {isa = PBXFileReference; fileEncoding = 4; lastKnownFileType = sourcecode.swift; path = InsetMessageView.swift; sourceTree = "<group>"; };
		C0A97DF028D54D9100AAE8D6 /* MapAnnotationView.swift */ = {isa = PBXFileReference; fileEncoding = 4; lastKnownFileType = sourcecode.swift; path = MapAnnotationView.swift; sourceTree = "<group>"; };
		C0A97DF228D54D9100AAE8D6 /* locations.json */ = {isa = PBXFileReference; fileEncoding = 4; lastKnownFileType = text.json; path = locations.json; sourceTree = "<group>"; };
		C0A97DF328D54D9100AAE8D6 /* covers.json */ = {isa = PBXFileReference; fileEncoding = 4; lastKnownFileType = text.json; path = covers.json; sourceTree = "<group>"; };
		C0A97DF428D54D9100AAE8D6 /* places.json */ = {isa = PBXFileReference; fileEncoding = 4; lastKnownFileType = text.json; path = places.json; sourceTree = "<group>"; };
		C0A97DF528D54D9100AAE8D6 /* videos.json */ = {isa = PBXFileReference; fileEncoding = 4; lastKnownFileType = text.json; path = videos.json; sourceTree = "<group>"; };
		C0A97DF728D54D9100AAE8D6 /* VideoPlayerHelper.swift */ = {isa = PBXFileReference; fileEncoding = 4; lastKnownFileType = sourcecode.swift; path = VideoPlayerHelper.swift; sourceTree = "<group>"; };
		C0A97DF828D54D9100AAE8D6 /* Info.plist */ = {isa = PBXFileReference; fileEncoding = 4; lastKnownFileType = text.plist.xml; path = Info.plist; sourceTree = "<group>"; };
		C0A97E2A28D54DA500AAE8D6 /* ThePlacesOfInterest.entitlements */ = {isa = PBXFileReference; lastKnownFileType = text.plist.entitlements; path = ThePlacesOfInterest.entitlements; sourceTree = "<group>"; };
		C0A97E2B28D54E6200AAE8D6 /* LICENSE */ = {isa = PBXFileReference; fileEncoding = 4; lastKnownFileType = text; path = LICENSE; sourceTree = "<group>"; };
		C0A97E2D28D54E8E00AAE8D6 /* README.md */ = {isa = PBXFileReference; fileEncoding = 4; lastKnownFileType = net.daringfireball.markdown; path = README.md; sourceTree = "<group>"; };
/* End PBXFileReference section */

/* Begin PBXFrameworksBuildPhase section */
		C0A97D2728D54BBF00AAE8D6 /* Frameworks */ = {
			isa = PBXFrameworksBuildPhase;
			buildActionMask = 2147483647;
			files = (
			);
			runOnlyForDeploymentPostprocessing = 0;
		};
/* End PBXFrameworksBuildPhase section */

/* Begin PBXGroup section */
		C0A97D2128D54BBF00AAE8D6 = {
			isa = PBXGroup;
			children = (
				C0A97DBF28D54D9100AAE8D6 /* ThePlacesOfInterest */,
				C0A97D2B28D54BBF00AAE8D6 /* Products */,
			);
			sourceTree = "<group>";
		};
		C0A97D2B28D54BBF00AAE8D6 /* Products */ = {
			isa = PBXGroup;
			children = (
				C0A97D2A28D54BBF00AAE8D6 /* ThePlacesOfInterest.app */,
			);
			name = Products;
			sourceTree = "<group>";
		};
		C0A97DBF28D54D9100AAE8D6 /* ThePlacesOfInterest */ = {
			isa = PBXGroup;
			children = (
				C0A97E2D28D54E8E00AAE8D6 /* README.md */,
				C0A97E2B28D54E6200AAE8D6 /* LICENSE */,
				C0A97DC028D54D9100AAE8D6 /* Faded.flac */,
				C0A97DC128D54D9100AAE8D6 /* Video */,
				C0A97DCC28D54D9100AAE8D6 /* Extension */,
				C0A97DCE28D54D9100AAE8D6 /* App */,
				C0A97DD728D54D9100AAE8D6 /* Modifier */,
				C0A97DD928D54D9100AAE8D6 /* Assets.xcassets */,
				C0A97DDA28D54D9100AAE8D6 /* Preview Content */,
				C0A97DDD28D54D9100AAE8D6 /* Model */,
				C0A97DE228D54D9100AAE8D6 /* View */,
				C0A97DF128D54D9100AAE8D6 /* Data */,
				C0A97DF628D54D9100AAE8D6 /* Helper */,
				C0A97DF828D54D9100AAE8D6 /* Info.plist */,
				C0A97E2A28D54DA500AAE8D6 /* ThePlacesOfInterest.entitlements */,
				C076DFEA28D69ED5005C2044 /* fortist.flac */,
			);
			path = ThePlacesOfInterest;
			sourceTree = "<group>";
		};
		C0A97DC128D54D9100AAE8D6 /* Video */ = {
			isa = PBXGroup;
			children = (
				C0A97DC228D54D9100AAE8D6 /* 兵马俑.mov */,
				C0A97DC328D54D9100AAE8D6 /* 长江三峡.mov */,
				C0A97DC428D54D9100AAE8D6 /* 日月潭.mov */,
				C0A97DC528D54D9100AAE8D6 /* 安徽黄山.mov */,
				C0A97DC628D54D9100AAE8D6 /* 承德避暑山庄.mov */,
				C0A97DC728D54D9100AAE8D6 /* 桂林山水.mov */,
				C0A97DC828D54D9100AAE8D6 /* 杭州西湖.mov */,
				C0A97DC928D54D9100AAE8D6 /* 苏州园林.mov */,
				C0A97DCA28D54D9100AAE8D6 /* 万里长城.mov */,
				C0A97DCB28D54D9100AAE8D6 /* 北京故宫.mov */,
			);
			path = Video;
			sourceTree = "<group>";
		};
		C0A97DCC28D54D9100AAE8D6 /* Extension */ = {
			isa = PBXGroup;
			children = (
				C0A97DCD28D54D9100AAE8D6 /* CodableBundleExtension.swift */,
			);
			path = Extension;
			sourceTree = "<group>";
		};
		C0A97DCE28D54D9100AAE8D6 /* App */ = {
			isa = PBXGroup;
			children = (
				C0A97DCF28D54D9100AAE8D6 /* SwiftUI.swift */,
				C0A97DD028D54D9100AAE8D6 /* MapView.swift */,
				C0A97DD128D54D9100AAE8D6 /* ThePlacesOfInterestApp.swift */,
				C0A97DD228D54D9100AAE8D6 /* ContentViewList.swift */,
				C0A97DD328D54D9100AAE8D6 /* GalleryView.swift */,
				C0A97DD428D54D9100AAE8D6 /* MainView.swift */,
				C0A97DD528D54D9100AAE8D6 /* ContentView.swift */,
				C0A97DD628D54D9100AAE8D6 /* VideoListView.swift */,
			);
			path = App;
			sourceTree = "<group>";
		};
		C0A97DD728D54D9100AAE8D6 /* Modifier */ = {
			isa = PBXGroup;
			children = (
				C0A97DD828D54D9100AAE8D6 /* CenterModifier.swift */,
			);
			path = Modifier;
			sourceTree = "<group>";
		};
		C0A97DDA28D54D9100AAE8D6 /* Preview Content */ = {
			isa = PBXGroup;
			children = (
				C0A97DDB28D54D9100AAE8D6 /* Preview Assets.xcassets */,
			);
			path = "Preview Content";
			sourceTree = "<group>";
		};
		C0A97DDD28D54D9100AAE8D6 /* Model */ = {
			isa = PBXGroup;
			children = (
				C0A97DDE28D54D9100AAE8D6 /* PlaceModel.swift */,
				C0A97DDF28D54D9100AAE8D6 /* VideoModel.swift */,
				C0A97DE028D54D9100AAE8D6 /* CoverImageModel.swift */,
				C0A97DE128D54D9100AAE8D6 /* LocationModel.swift */,
			);
			path = Model;
			sourceTree = "<group>";
		};
		C0A97DE228D54D9100AAE8D6 /* View */ = {
			isa = PBXGroup;
			children = (
				C0A97DE328D54D9100AAE8D6 /* HeadingView.swift */,
				C0A97DE428D54D9100AAE8D6 /* PlaceListItemView.swift */,
				C0A97DE528D54D9100AAE8D6 /* VideoPlayerView.swift */,
				C0A97DE628D54D9100AAE8D6 /* ExternalWebLinkView.swift */,
				C0A97DE728D54D9100AAE8D6 /* CoverImageView.swift */,
				C0A97DE828D54D9100AAE8D6 /* InsetMapView.swift */,
				C0A97DE928D54D9100AAE8D6 /* PlaceGridItemView.swift */,
				C0A97DEA28D54D9100AAE8D6 /* MotionAnimationView.swift */,
				C0A97DEB28D54D9100AAE8D6 /* VideoListItemView.swift */,
				C0A97DEC28D54D9100AAE8D6 /* PlaceDetailView.swift */,
				C0A97DED28D54D9100AAE8D6 /* InsetGalleryView.swift */,
				C0A97DEE28D54D9100AAE8D6 /* CopyrightView.swift */,
				C0A97DEF28D54D9100AAE8D6 /* InsetMessageView.swift */,
				C0A97DF028D54D9100AAE8D6 /* MapAnnotationView.swift */,
			);
			path = View;
			sourceTree = "<group>";
		};
		C0A97DF128D54D9100AAE8D6 /* Data */ = {
			isa = PBXGroup;
			children = (
				C0A97DF228D54D9100AAE8D6 /* locations.json */,
				C0A97DF328D54D9100AAE8D6 /* covers.json */,
				C0A97DF428D54D9100AAE8D6 /* places.json */,
				C0A97DF528D54D9100AAE8D6 /* videos.json */,
			);
			path = Data;
			sourceTree = "<group>";
		};
		C0A97DF628D54D9100AAE8D6 /* Helper */ = {
			isa = PBXGroup;
			children = (
				C0A97DF728D54D9100AAE8D6 /* VideoPlayerHelper.swift */,
			);
			path = Helper;
			sourceTree = "<group>";
		};
/* End PBXGroup section */

/* Begin PBXNativeTarget section */
		C0A97D2928D54BBF00AAE8D6 /* ThePlacesOfInterest */ = {
			isa = PBXNativeTarget;
			buildConfigurationList = C0A97D3828D54BC000AAE8D6 /* Build configuration list for PBXNativeTarget "ThePlacesOfInterest" */;
			buildPhases = (
				C0A97D2628D54BBF00AAE8D6 /* Sources */,
				C0A97D2728D54BBF00AAE8D6 /* Frameworks */,
				C0A97D2828D54BBF00AAE8D6 /* Resources */,
			);
			buildRules = (
			);
			dependencies = (
			);
			name = ThePlacesOfInterest;
			productName = ThePlacesOfInterest;
			productReference = C0A97D2A28D54BBF00AAE8D6 /* ThePlacesOfInterest.app */;
			productType = "com.apple.product-type.application";
		};
/* End PBXNativeTarget section */

/* Begin PBXProject section */
		C0A97D2228D54BBF00AAE8D6 /* Project object */ = {
			isa = PBXProject;
			attributes = {
				BuildIndependentTargetsInParallel = 1;
				LastSwiftUpdateCheck = 1400;
				LastUpgradeCheck = 1400;
				TargetAttributes = {
					C0A97D2928D54BBF00AAE8D6 = {
						CreatedOnToolsVersion = 14.0;
					};
				};
			};
			buildConfigurationList = C0A97D2528D54BBF00AAE8D6 /* Build configuration list for PBXProject "ThePlacesOfInterest" */;
			compatibilityVersion = "Xcode 14.0";
			developmentRegion = en;
			hasScannedForEncodings = 0;
			knownRegions = (
				en,
				Base,
			);
			mainGroup = C0A97D2128D54BBF00AAE8D6;
			productRefGroup = C0A97D2B28D54BBF00AAE8D6 /* Products */;
			projectDirPath = "";
			projectRoot = "";
			targets = (
				C0A97D2928D54BBF00AAE8D6 /* ThePlacesOfInterest */,
			);
		};
/* End PBXProject section */

/* Begin PBXResourcesBuildPhase section */
		C0A97D2828D54BBF00AAE8D6 /* Resources */ = {
			isa = PBXResourcesBuildPhase;
			buildActionMask = 2147483647;
			files = (
				C0A97E2528D54D9100AAE8D6 /* covers.json in Resources */,
				C0A97E2728D54D9100AAE8D6 /* videos.json in Resources */,
				C0A97E0128D54D9100AAE8D6 /* 杭州西湖.mov in Resources */,
				C0A97DFA28D54D9100AAE8D6 /* Faded.flac in Resources */,
				C0A97E2E28D54E8E00AAE8D6 /* README.md in Resources */,
				C0A97E1028D54D9100AAE8D6 /* Preview Assets.xcassets in Resources */,
				C0A97DFD28D54D9100AAE8D6 /* 日月潭.mov in Resources */,
				C076DFEB28D69ED5005C2044 /* fortist.flac in Resources */,
				C0A97DFF28D54D9100AAE8D6 /* 承德避暑山庄.mov in Resources */,
				C0A97E2C28D54E6200AAE8D6 /* LICENSE in Resources */,
				C0A97DFB28D54D9100AAE8D6 /* 兵马俑.mov in Resources */,
				C0A97E0328D54D9100AAE8D6 /* 万里长城.mov in Resources */,
				C0A97E0028D54D9100AAE8D6 /* 桂林山水.mov in Resources */,
				C0A97DFC28D54D9100AAE8D6 /* 长江三峡.mov in Resources */,
				C0A97E2428D54D9100AAE8D6 /* locations.json in Resources */,
				C0A97E0428D54D9100AAE8D6 /* 北京故宫.mov in Resources */,
				C0A97E2628D54D9100AAE8D6 /* places.json in Resources */,
				C0A97E0F28D54D9100AAE8D6 /* Assets.xcassets in Resources */,
				C0A97DFE28D54D9100AAE8D6 /* 安徽黄山.mov in Resources */,
				C0A97E0228D54D9100AAE8D6 /* 苏州园林.mov in Resources */,
			);
			runOnlyForDeploymentPostprocessing = 0;
		};
/* End PBXResourcesBuildPhase section */

/* Begin PBXSourcesBuildPhase section */
		C0A97D2628D54BBF00AAE8D6 /* Sources */ = {
			isa = PBXSourcesBuildPhase;
			buildActionMask = 2147483647;
			files = (
				C0A97E0C28D54D9100AAE8D6 /* ContentView.swift in Sources */,
				C0A97E1628D54D9100AAE8D6 /* HeadingView.swift in Sources */,
				C0A97E1E28D54D9100AAE8D6 /* VideoListItemView.swift in Sources */,
				C0A97E1228D54D9100AAE8D6 /* PlaceModel.swift in Sources */,
				C0A97E0528D54D9100AAE8D6 /* CodableBundleExtension.swift in Sources */,
				C0A97E1728D54D9100AAE8D6 /* PlaceListItemView.swift in Sources */,
				C0A97E0E28D54D9100AAE8D6 /* CenterModifier.swift in Sources */,
				C0A97E0828D54D9100AAE8D6 /* ThePlacesOfInterestApp.swift in Sources */,
				C0A97E1C28D54D9100AAE8D6 /* PlaceGridItemView.swift in Sources */,
				C0A97E0928D54D9100AAE8D6 /* ContentViewList.swift in Sources */,
				C0A97E1328D54D9100AAE8D6 /* VideoModel.swift in Sources */,
				C0A97E0B28D54D9100AAE8D6 /* MainView.swift in Sources */,
				C0A97E1928D54D9100AAE8D6 /* ExternalWebLinkView.swift in Sources */,
				C0A97E2128D54D9100AAE8D6 /* CopyrightView.swift in Sources */,
				C0A97E1A28D54D9100AAE8D6 /* CoverImageView.swift in Sources */,
				C0A97E0A28D54D9100AAE8D6 /* GalleryView.swift in Sources */,
				C0A97E1F28D54D9100AAE8D6 /* PlaceDetailView.swift in Sources */,
				C0A97E2328D54D9100AAE8D6 /* MapAnnotationView.swift in Sources */,
				C0A97E0628D54D9100AAE8D6 /* SwiftUI.swift in Sources */,
				C0A97E2028D54D9100AAE8D6 /* InsetGalleryView.swift in Sources */,
				C0A97E1B28D54D9100AAE8D6 /* InsetMapView.swift in Sources */,
				C0A97E1828D54D9100AAE8D6 /* VideoPlayerView.swift in Sources */,
				C0A97E1528D54D9100AAE8D6 /* LocationModel.swift in Sources */,
				C0A97E0728D54D9100AAE8D6 /* MapView.swift in Sources */,
				C0A97E0D28D54D9100AAE8D6 /* VideoListView.swift in Sources */,
				C0A97E2828D54D9100AAE8D6 /* VideoPlayerHelper.swift in Sources */,
				C0A97E1428D54D9100AAE8D6 /* CoverImageModel.swift in Sources */,
				C0A97E2228D54D9100AAE8D6 /* InsetMessageView.swift in Sources */,
				C0A97E1D28D54D9100AAE8D6 /* MotionAnimationView.swift in Sources */,
			);
			runOnlyForDeploymentPostprocessing = 0;
		};
/* End PBXSourcesBuildPhase section */

/* Begin XCBuildConfiguration section */
		C0A97D3628D54BC000AAE8D6 /* Debug */ = {
			isa = XCBuildConfiguration;
			buildSettings = {
				ALWAYS_SEARCH_USER_PATHS = NO;
				CLANG_ANALYZER_NONNULL = YES;
				CLANG_ANALYZER_NUMBER_OBJECT_CONVERSION = YES_AGGRESSIVE;
				CLANG_CXX_LANGUAGE_STANDARD = "gnu++20";
				CLANG_ENABLE_MODULES = YES;
				CLANG_ENABLE_OBJC_ARC = YES;
				CLANG_ENABLE_OBJC_WEAK = YES;
				CLANG_WARN_BLOCK_CAPTURE_AUTORELEASING = YES;
				CLANG_WARN_BOOL_CONVERSION = YES;
				CLANG_WARN_COMMA = YES;
				CLANG_WARN_CONSTANT_CONVERSION = YES;
				CLANG_WARN_DEPRECATED_OBJC_IMPLEMENTATIONS = YES;
				CLANG_WARN_DIRECT_OBJC_ISA_USAGE = YES_ERROR;
				CLANG_WARN_DOCUMENTATION_COMMENTS = YES;
				CLANG_WARN_EMPTY_BODY = YES;
				CLANG_WARN_ENUM_CONVERSION = YES;
				CLANG_WARN_INFINITE_RECURSION = YES;
				CLANG_WARN_INT_CONVERSION = YES;
				CLANG_WARN_NON_LITERAL_NULL_CONVERSION = YES;
				CLANG_WARN_OBJC_IMPLICIT_RETAIN_SELF = YES;
				CLANG_WARN_OBJC_LITERAL_CONVERSION = YES;
				CLANG_WARN_OBJC_ROOT_CLASS = YES_ERROR;
				CLANG_WARN_QUOTED_INCLUDE_IN_FRAMEWORK_HEADER = YES;
				CLANG_WARN_RANGE_LOOP_ANALYSIS = YES;
				CLANG_WARN_STRICT_PROTOTYPES = YES;
				CLANG_WARN_SUSPICIOUS_MOVE = YES;
				CLANG_WARN_UNGUARDED_AVAILABILITY = YES_AGGRESSIVE;
				CLANG_WARN_UNREACHABLE_CODE = YES;
				CLANG_WARN__DUPLICATE_METHOD_MATCH = YES;
				COPY_PHASE_STRIP = NO;
				DEBUG_INFORMATION_FORMAT = dwarf;
				ENABLE_STRICT_OBJC_MSGSEND = YES;
				ENABLE_TESTABILITY = YES;
				GCC_C_LANGUAGE_STANDARD = gnu11;
				GCC_DYNAMIC_NO_PIC = NO;
				GCC_NO_COMMON_BLOCKS = YES;
				GCC_OPTIMIZATION_LEVEL = 0;
				GCC_PREPROCESSOR_DEFINITIONS = (
					"DEBUG=1",
					"$(inherited)",
				);
				GCC_WARN_64_TO_32_BIT_CONVERSION = YES;
				GCC_WARN_ABOUT_RETURN_TYPE = YES_ERROR;
				GCC_WARN_UNDECLARED_SELECTOR = YES;
				GCC_WARN_UNINITIALIZED_AUTOS = YES_AGGRESSIVE;
				GCC_WARN_UNUSED_FUNCTION = YES;
				GCC_WARN_UNUSED_VARIABLE = YES;
				IPHONEOS_DEPLOYMENT_TARGET = 16.0;
				MTL_ENABLE_DEBUG_INFO = INCLUDE_SOURCE;
				MTL_FAST_MATH = YES;
				ONLY_ACTIVE_ARCH = YES;
				SDKROOT = iphoneos;
				SWIFT_ACTIVE_COMPILATION_CONDITIONS = DEBUG;
				SWIFT_OPTIMIZATION_LEVEL = "-Onone";
			};
			name = Debug;
		};
		C0A97D3728D54BC000AAE8D6 /* Release */ = {
			isa = XCBuildConfiguration;
			buildSettings = {
				ALWAYS_SEARCH_USER_PATHS = NO;
				CLANG_ANALYZER_NONNULL = YES;
				CLANG_ANALYZER_NUMBER_OBJECT_CONVERSION = YES_AGGRESSIVE;
				CLANG_CXX_LANGUAGE_STANDARD = "gnu++20";
				CLANG_ENABLE_MODULES = YES;
				CLANG_ENABLE_OBJC_ARC = YES;
				CLANG_ENABLE_OBJC_WEAK = YES;
				CLANG_WARN_BLOCK_CAPTURE_AUTORELEASING = YES;
				CLANG_WARN_BOOL_CONVERSION = YES;
				CLANG_WARN_COMMA = YES;
				CLANG_WARN_CONSTANT_CONVERSION = YES;
				CLANG_WARN_DEPRECATED_OBJC_IMPLEMENTATIONS = YES;
				CLANG_WARN_DIRECT_OBJC_ISA_USAGE = YES_ERROR;
				CLANG_WARN_DOCUMENTATION_COMMENTS = YES;
				CLANG_WARN_EMPTY_BODY = YES;
				CLANG_WARN_ENUM_CONVERSION = YES;
				CLANG_WARN_INFINITE_RECURSION = YES;
				CLANG_WARN_INT_CONVERSION = YES;
				CLANG_WARN_NON_LITERAL_NULL_CONVERSION = YES;
				CLANG_WARN_OBJC_IMPLICIT_RETAIN_SELF = YES;
				CLANG_WARN_OBJC_LITERAL_CONVERSION = YES;
				CLANG_WARN_OBJC_ROOT_CLASS = YES_ERROR;
				CLANG_WARN_QUOTED_INCLUDE_IN_FRAMEWORK_HEADER = YES;
				CLANG_WARN_RANGE_LOOP_ANALYSIS = YES;
				CLANG_WARN_STRICT_PROTOTYPES = YES;
				CLANG_WARN_SUSPICIOUS_MOVE = YES;
				CLANG_WARN_UNGUARDED_AVAILABILITY = YES_AGGRESSIVE;
				CLANG_WARN_UNREACHABLE_CODE = YES;
				CLANG_WARN__DUPLICATE_METHOD_MATCH = YES;
				COPY_PHASE_STRIP = NO;
				DEBUG_INFORMATION_FORMAT = "dwarf-with-dsym";
				ENABLE_NS_ASSERTIONS = NO;
				ENABLE_STRICT_OBJC_MSGSEND = YES;
				GCC_C_LANGUAGE_STANDARD = gnu11;
				GCC_NO_COMMON_BLOCKS = YES;
				GCC_WARN_64_TO_32_BIT_CONVERSION = YES;
				GCC_WARN_ABOUT_RETURN_TYPE = YES_ERROR;
				GCC_WARN_UNDECLARED_SELECTOR = YES;
				GCC_WARN_UNINITIALIZED_AUTOS = YES_AGGRESSIVE;
				GCC_WARN_UNUSED_FUNCTION = YES;
				GCC_WARN_UNUSED_VARIABLE = YES;
				IPHONEOS_DEPLOYMENT_TARGET = 16.0;
				MTL_ENABLE_DEBUG_INFO = NO;
				MTL_FAST_MATH = YES;
				SDKROOT = iphoneos;
				SWIFT_COMPILATION_MODE = wholemodule;
				SWIFT_OPTIMIZATION_LEVEL = "-O";
				VALIDATE_PRODUCT = YES;
			};
			name = Release;
		};
		C0A97D3928D54BC000AAE8D6 /* Debug */ = {
			isa = XCBuildConfiguration;
			buildSettings = {
				ASSETCATALOG_COMPILER_APPICON_NAME = AppIcon;
				ASSETCATALOG_COMPILER_GLOBAL_ACCENT_COLOR_NAME = AccentColor;
				CODE_SIGN_ENTITLEMENTS = ThePlacesOfInterest/ThePlacesOfInterest.entitlements;
				CODE_SIGN_STYLE = Automatic;
				CURRENT_PROJECT_VERSION = 1;
				DEVELOPMENT_ASSET_PATHS = "\"ThePlacesOfInterest/Preview Content\"";
				DEVELOPMENT_TEAM = P2AJHF4ZX2;
				ENABLE_PREVIEWS = YES;
				GENERATE_INFOPLIST_FILE = YES;
				INFOPLIST_FILE = ThePlacesOfInterest/Info.plist;
				INFOPLIST_KEY_UIApplicationSceneManifest_Generation = YES;
				INFOPLIST_KEY_UIApplicationSupportsIndirectInputEvents = YES;
				INFOPLIST_KEY_UIStatusBarStyle = "";
				INFOPLIST_KEY_UISupportedInterfaceOrientations_iPad = "UIInterfaceOrientationPortrait UIInterfaceOrientationPortraitUpsideDown UIInterfaceOrientationLandscapeLeft UIInterfaceOrientationLandscapeRight";
				INFOPLIST_KEY_UISupportedInterfaceOrientations_iPhone = "UIInterfaceOrientationPortrait UIInterfaceOrientationLandscapeLeft UIInterfaceOrientationLandscapeRight";
				INFOPLIST_KEY_UIUserInterfaceStyle = Dark;
				LD_RUNPATH_SEARCH_PATHS = (
					"$(inherited)",
					"@executable_path/Frameworks",
				);
				MARKETING_VERSION = 1.0;
				PRODUCT_BUNDLE_IDENTIFIER = com.MHCInc.ThePlacesOfInterest;
				PRODUCT_NAME = "$(TARGET_NAME)";
				SUPPORTED_PLATFORMS = "iphoneos iphonesimulator";
				SUPPORTS_MACCATALYST = YES;
				SUPPORTS_MAC_DESIGNED_FOR_IPHONE_IPAD = YES;
				SWIFT_EMIT_LOC_STRINGS = YES;
				SWIFT_VERSION = 5.0;
				TARGETED_DEVICE_FAMILY = "1,2";
			};
			name = Debug;
		};
		C0A97D3A28D54BC000AAE8D6 /* Release */ = {
			isa = XCBuildConfiguration;
			buildSettings = {
				ASSETCATALOG_COMPILER_APPICON_NAME = AppIcon;
				ASSETCATALOG_COMPILER_GLOBAL_ACCENT_COLOR_NAME = AccentColor;
				CODE_SIGN_ENTITLEMENTS = ThePlacesOfInterest/ThePlacesOfInterest.entitlements;
				CODE_SIGN_STYLE = Automatic;
				CURRENT_PROJECT_VERSION = 1;
				DEVELOPMENT_ASSET_PATHS = "\"ThePlacesOfInterest/Preview Content\"";
				DEVELOPMENT_TEAM = P2AJHF4ZX2;
				ENABLE_PREVIEWS = YES;
				GENERATE_INFOPLIST_FILE = YES;
				INFOPLIST_FILE = ThePlacesOfInterest/Info.plist;
				INFOPLIST_KEY_UIApplicationSceneManifest_Generation = YES;
				INFOPLIST_KEY_UIApplicationSupportsIndirectInputEvents = YES;
				INFOPLIST_KEY_UIStatusBarStyle = "";
				INFOPLIST_KEY_UISupportedInterfaceOrientations_iPad = "UIInterfaceOrientationPortrait UIInterfaceOrientationPortraitUpsideDown UIInterfaceOrientationLandscapeLeft UIInterfaceOrientationLandscapeRight";
				INFOPLIST_KEY_UISupportedInterfaceOrientations_iPhone = "UIInterfaceOrientationPortrait UIInterfaceOrientationLandscapeLeft UIInterfaceOrientationLandscapeRight";
				INFOPLIST_KEY_UIUserInterfaceStyle = Dark;
				LD_RUNPATH_SEARCH_PATHS = (
					"$(inherited)",
					"@executable_path/Frameworks",
				);
				MARKETING_VERSION = 1.0;
				PRODUCT_BUNDLE_IDENTIFIER = com.MHCInc.ThePlacesOfInterest;
				PRODUCT_NAME = "$(TARGET_NAME)";
				SUPPORTED_PLATFORMS = "iphoneos iphonesimulator";
				SUPPORTS_MACCATALYST = YES;
				SUPPORTS_MAC_DESIGNED_FOR_IPHONE_IPAD = YES;
				SWIFT_EMIT_LOC_STRINGS = YES;
				SWIFT_VERSION = 5.0;
				TARGETED_DEVICE_FAMILY = "1,2";
			};
			name = Release;
		};
/* End XCBuildConfiguration section */

/* Begin XCConfigurationList section */
		C0A97D2528D54BBF00AAE8D6 /* Build configuration list for PBXProject "ThePlacesOfInterest" */ = {
			isa = XCConfigurationList;
			buildConfigurations = (
				C0A97D3628D54BC000AAE8D6 /* Debug */,
				C0A97D3728D54BC000AAE8D6 /* Release */,
			);
			defaultConfigurationIsVisible = 0;
			defaultConfigurationName = Release;
		};
		C0A97D3828D54BC000AAE8D6 /* Build configuration list for PBXNativeTarget "ThePlacesOfInterest" */ = {
			isa = XCConfigurationList;
			buildConfigurations = (
				C0A97D3928D54BC000AAE8D6 /* Debug */,
				C0A97D3A28D54BC000AAE8D6 /* Release */,
			);
			defaultConfigurationIsVisible = 0;
			defaultConfigurationName = Release;
		};
/* End XCConfigurationList section */
	};
	rootObject = C0A97D2228D54BBF00AAE8D6 /* Project object */;
}
